
Microsoft Visual Studio Solution File, Format Version 12.00
# Visual Studio Version 17
VisualStudioVersion = 17.4.33205.214
MinimumVisualStudioVersion = 10.0.40219.1
Project("{FAE04EC0-301F-11D3-BF4B-00C04F79EFBC}") = "ExceptionsLibrary", "ExceptionsLibrary\ExceptionsLibrary.csproj", "{9910705C-F3C6-4D5E-BEA8-128AEF867F8E}"
EndProject
Project("{FAE04EC0-301F-11D3-BF4B-00C04F79EFBC}") = "DataConnections", "DataConnections\DataConnections.csproj", "{47439723-E001-4B04-9FBB-A5CDC436929C}"
EndProject
Project("{FAE04EC0-301F-11D3-BF4B-00C04F79EFBC}") = "SqlUtilities", "SqlUtilities\SqlUtilities.csproj", "{FF8B50BD-70B6-4219-A333-BC734B0DB5B4}"
EndProject
Project("{FAE04EC0-301F-11D3-BF4B-00C04F79EFBC}") = "DataBackEnd", "DataBackEnd\DataBackEnd.csproj", "{BB8F6CD6-D77E-4FAF-94B9-BA610313EAAD}"
EndProject
Project("{FAE04EC0-301F-11D3-BF4B-00C04F79EFBC}") = "CommonLangageExtensionsLibrary", "CommonLangageExtensionsLibrary\CommonLangageExtensionsLibrary.csproj", "{0C318346-9797-449D-AC41-C6F10D5D5B0D}"
EndProject
Project("{FAE04EC0-301F-11D3-BF4B-00C04F79EFBC}") = "WindowFormsControls", "WindowFormsControls\WindowFormsControls.csproj", "{2EC148CD-7C11-4C39-891F-82B836EFE18A}"
EndProject
Project("{FAE04EC0-301F-11D3-BF4B-00C04F79EFBC}") = "MainApplication", "MainApplication\MainApplication.csproj", "{61F42DE0-3666-4EA7-932F-FD4CBEC4CA65}"
EndProject
Project("{FAE04EC0-301F-11D3-BF4B-00C04F79EFBC}") = "CreateRowPosition", "ConsoleApp1\CreateRowPosition.csproj", "{27AE9327-535B-45BB-977C-2B498594999C}"
EndProject
Project("{FAE04EC0-301F-11D3-BF4B-00C04F79EFBC}") = "JsonLibrary", "JsonLibrary\JsonLibrary.csproj", "{C8B5F30B-4407-475B-84B4-DFAA942BF887}"
EndProject
Project("{2150E333-8FDC-42A3-9474-1A3956D46DE8}") = "Solution Items", "Solution Items", "{027AE406-7B41-4C18-81EB-44EE00614A42}"
	ProjectSection(SolutionItems) = preProject
		Readme.md = Readme.md
	EndProjectSection
EndProject
Project("{FAE04EC0-301F-11D3-BF4B-00C04F79EFBC}") = "ListBoxOnly", "ListBoxOnly\ListBoxOnly.csproj", "{4E6AE4AF-4740-442E-85F0-E52F97E44890}"
EndProject
Project("{2150E333-8FDC-42A3-9474-1A3956D46DE8}") = "Net Core", "Net Core", "{35C37CB3-D0BE-41E1-AC13-311882996FC0}"
EndProject
Project("{FAE04EC0-301F-11D3-BF4B-00C04F79EFBC}") = "WindowFormsControlsCore", "WindowFormsControlsCore\WindowFormsControlsCore.csproj", "{7DFFFEE2-4D91-4712-B218-29BC0CF5310C}"
EndProject
Project("{FAE04EC0-301F-11D3-BF4B-00C04F79EFBC}") = "CommonLangageExtensionsLibraryCore", "CommonLangageExtensionsLibraryCore\CommonLangageExtensionsLibraryCore.csproj", "{6857EE15-A4A7-437B-A95C-D8997E6FFE70}"
EndProject
Project("{2150E333-8FDC-42A3-9474-1A3956D46DE8}") = "Class projects", "Class projects", "{9DE2E1B5-47D4-4C9E-9024-753B56527B02}"
EndProject
Project("{FAE04EC0-301F-11D3-BF4B-00C04F79EFBC}") = "ListBxOnlyCore", "ListBxOnlyCore\ListBxOnlyCore.csproj", "{AD2F6FFF-EE57-467B-A853-C6FEC8889B4F}"
EndProject
Project("{2150E333-8FDC-42A3-9474-1A3956D46DE8}") = "Conventional Framework", "Conventional Framework", "{79931B01-93EF-4160-A014-1701AC6316E3}"
EndProject
Project("{FAE04EC0-301F-11D3-BF4B-00C04F79EFBC}") = "JsonLibraryCore", "JsonLibraryCore\JsonLibraryCore.csproj", "{B0A1C987-4098-4BB9-BCA5-0BD82B349008}"
EndProject
Project("{FAE04EC0-301F-11D3-BF4B-00C04F79EFBC}") = "ListViewJson", "ListViewJson\ListViewJson.csproj", "{748B7AF6-60BE-403E-B2E5-AE8E854E0ECA}"
EndProject
Project("{2150E333-8FDC-42A3-9474-1A3956D46DE8}") = "Class project conventional", "Class project conventional", "{7DC33C8B-14A5-4DA2-BAF7-6AA28AE7FBB4}"
EndProject
Global
	GlobalSection(SolutionConfigurationPlatforms) = preSolution
		Debug|Any CPU = Debug|Any CPU
		Release|Any CPU = Release|Any CPU
	EndGlobalSection
	GlobalSection(ProjectConfigurationPlatforms) = postSolution
		{9910705C-F3C6-4D5E-BEA8-128AEF867F8E}.Debug|Any CPU.ActiveCfg = Debug|Any CPU
		{9910705C-F3C6-4D5E-BEA8-128AEF867F8E}.Debug|Any CPU.Build.0 = Debug|Any CPU
		{9910705C-F3C6-4D5E-BEA8-128AEF867F8E}.Release|Any CPU.ActiveCfg = Release|Any CPU
		{9910705C-F3C6-4D5E-BEA8-128AEF867F8E}.Release|Any CPU.Build.0 = Release|Any CPU
		{47439723-E001-4B04-9FBB-A5CDC436929C}.Debug|Any CPU.ActiveCfg = Debug|Any CPU
		{47439723-E001-4B04-9FBB-A5CDC436929C}.Debug|Any CPU.Build.0 = Debug|Any CPU
		{47439723-E001-4B04-9FBB-A5CDC436929C}.Release|Any CPU.ActiveCfg = Release|Any CPU
		{47439723-E001-4B04-9FBB-A5CDC436929C}.Release|Any CPU.Build.0 = Release|Any CPU
		{FF8B50BD-70B6-4219-A333-BC734B0DB5B4}.Debug|Any CPU.ActiveCfg = Debug|Any CPU
		{FF8B50BD-70B6-4219-A333-BC734B0DB5B4}.Debug|Any CPU.Build.0 = Debug|Any CPU
		{FF8B50BD-70B6-4219-A333-BC734B0DB5B4}.Release|Any CPU.ActiveCfg = Release|Any CPU
		{FF8B50BD-70B6-4219-A333-BC734B0DB5B4}.Release|Any CPU.Build.0 = Release|Any CPU
		{BB8F6CD6-D77E-4FAF-94B9-BA610313EAAD}.Debug|Any CPU.ActiveCfg = Debug|Any CPU
		{BB8F6CD6-D77E-4FAF-94B9-BA610313EAAD}.Debug|Any CPU.Build.0 = Debug|Any CPU
		{BB8F6CD6-D77E-4FAF-94B9-BA610313EAAD}.Release|Any CPU.ActiveCfg = Release|Any CPU
		{BB8F6CD6-D77E-4FAF-94B9-BA610313EAAD}.Release|Any CPU.Build.0 = Release|Any CPU
		{0C318346-9797-449D-AC41-C6F10D5D5B0D}.Debug|Any CPU.ActiveCfg = Debug|Any CPU
		{0C318346-9797-449D-AC41-C6F10D5D5B0D}.Debug|Any CPU.Build.0 = Debug|Any CPU
		{0C318346-9797-449D-AC41-C6F10D5D5B0D}.Release|Any CPU.ActiveCfg = Release|Any CPU
		{0C318346-9797-449D-AC41-C6F10D5D5B0D}.Release|Any CPU.Build.0 = Release|Any CPU
		{2EC148CD-7C11-4C39-891F-82B836EFE18A}.Debug|Any CPU.ActiveCfg = Debug|Any CPU
		{2EC148CD-7C11-4C39-891F-82B836EFE18A}.Debug|Any CPU.Build.0 = Debug|Any CPU
		{2EC148CD-7C11-4C39-891F-82B836EFE18A}.Release|Any CPU.ActiveCfg = Release|Any CPU
		{2EC148CD-7C11-4C39-891F-82B836EFE18A}.Release|Any CPU.Build.0 = Release|Any CPU
		{61F42DE0-3666-4EA7-932F-FD4CBEC4CA65}.Debug|Any CPU.ActiveCfg = Debug|Any CPU
		{61F42DE0-3666-4EA7-932F-FD4CBEC4CA65}.Debug|Any CPU.Build.0 = Debug|Any CPU
		{61F42DE0-3666-4EA7-932F-FD4CBEC4CA65}.Release|Any CPU.ActiveCfg = Release|Any CPU
		{61F42DE0-3666-4EA7-932F-FD4CBEC4CA65}.Release|Any CPU.Build.0 = Release|Any CPU
		{27AE9327-535B-45BB-977C-2B498594999C}.Debug|Any CPU.ActiveCfg = Debug|Any CPU
		{27AE9327-535B-45BB-977C-2B498594999C}.Debug|Any CPU.Build.0 = Debug|Any CPU
		{27AE9327-535B-45BB-977C-2B498594999C}.Release|Any CPU.ActiveCfg = Release|Any CPU
		{27AE9327-535B-45BB-977C-2B498594999C}.Release|Any CPU.Build.0 = Release|Any CPU
		{C8B5F30B-4407-475B-84B4-DFAA942BF887}.Debug|Any CPU.ActiveCfg = Debug|Any CPU
		{C8B5F30B-4407-475B-84B4-DFAA942BF887}.Debug|Any CPU.Build.0 = Debug|Any CPU
		{C8B5F30B-4407-475B-84B4-DFAA942BF887}.Release|Any CPU.ActiveCfg = Release|Any CPU
		{C8B5F30B-4407-475B-84B4-DFAA942BF887}.Release|Any CPU.Build.0 = Release|Any CPU
		{4E6AE4AF-4740-442E-85F0-E52F97E44890}.Debug|Any CPU.ActiveCfg = Debug|Any CPU
		{4E6AE4AF-4740-442E-85F0-E52F97E44890}.Debug|Any CPU.Build.0 = Debug|Any CPU
		{4E6AE4AF-4740-442E-85F0-E52F97E44890}.Release|Any CPU.ActiveCfg = Release|Any CPU
		{4E6AE4AF-4740-442E-85F0-E52F97E44890}.Release|Any CPU.Build.0 = Release|Any CPU
		{7DFFFEE2-4D91-4712-B218-29BC0CF5310C}.Debug|Any CPU.ActiveCfg = Debug|Any CPU
		{7DFFFEE2-4D91-4712-B218-29BC0CF5310C}.Debug|Any CPU.Build.0 = Debug|Any CPU
		{7DFFFEE2-4D91-4712-B218-29BC0CF5310C}.Release|Any CPU.ActiveCfg = Release|Any CPU
		{7DFFFEE2-4D91-4712-B218-29BC0CF5310C}.Release|Any CPU.Build.0 = Release|Any CPU
		{6857EE15-A4A7-437B-A95C-D8997E6FFE70}.Debug|Any CPU.ActiveCfg = Debug|Any CPU
		{6857EE15-A4A7-437B-A95C-D8997E6FFE70}.Debug|Any CPU.Build.0 = Debug|Any CPU
		{6857EE15-A4A7-437B-A95C-D8997E6FFE70}.Release|Any CPU.ActiveCfg = Release|Any CPU
		{6857EE15-A4A7-437B-A95C-D8997E6FFE70}.Release|Any CPU.Build.0 = Release|Any CPU
		{AD2F6FFF-EE57-467B-A853-C6FEC8889B4F}.Debug|Any CPU.ActiveCfg = Debug|Any CPU
		{AD2F6FFF-EE57-467B-A853-C6FEC8889B4F}.Debug|Any CPU.Build.0 = Debug|Any CPU
		{AD2F6FFF-EE57-467B-A853-C6FEC8889B4F}.Release|Any CPU.ActiveCfg = Release|Any CPU
		{AD2F6FFF-EE57-467B-A853-C6FEC8889B4F}.Release|Any CPU.Build.0 = Release|Any CPU
		{B0A1C987-4098-4BB9-BCA5-0BD82B349008}.Debug|Any CPU.ActiveCfg = Debug|Any CPU
		{B0A1C987-4098-4BB9-BCA5-0BD82B349008}.Debug|Any CPU.Build.0 = Debug|Any CPU
		{B0A1C987-4098-4BB9-BCA5-0BD82B349008}.Release|Any CPU.ActiveCfg = Release|Any CPU
		{B0A1C987-4098-4BB9-BCA5-0BD82B349008}.Release|Any CPU.Build.0 = Release|Any CPU
		{748B7AF6-60BE-403E-B2E5-AE8E854E0ECA}.Debug|Any CPU.ActiveCfg = Debug|Any CPU
		{748B7AF6-60BE-403E-B2E5-AE8E854E0ECA}.Debug|Any CPU.Build.0 = Debug|Any CPU
		{748B7AF6-60BE-403E-B2E5-AE8E854E0ECA}.Release|Any CPU.ActiveCfg = Release|Any CPU
		{748B7AF6-60BE-403E-B2E5-AE8E854E0ECA}.Release|Any CPU.Build.0 = Release|Any CPU
	EndGlobalSection
	GlobalSection(SolutionProperties) = preSolution
		HideSolutionNode = FALSE
	EndGlobalSection
	GlobalSection(NestedProjects) = preSolution
		{9910705C-F3C6-4D5E-BEA8-128AEF867F8E} = {7DC33C8B-14A5-4DA2-BAF7-6AA28AE7FBB4}
		{47439723-E001-4B04-9FBB-A5CDC436929C} = {79931B01-93EF-4160-A014-1701AC6316E3}
		{FF8B50BD-70B6-4219-A333-BC734B0DB5B4} = {7DC33C8B-14A5-4DA2-BAF7-6AA28AE7FBB4}
		{BB8F6CD6-D77E-4FAF-94B9-BA610313EAAD} = {7DC33C8B-14A5-4DA2-BAF7-6AA28AE7FBB4}
		{0C318346-9797-449D-AC41-C6F10D5D5B0D} = {7DC33C8B-14A5-4DA2-BAF7-6AA28AE7FBB4}
		{2EC148CD-7C11-4C39-891F-82B836EFE18A} = {7DC33C8B-14A5-4DA2-BAF7-6AA28AE7FBB4}
		{61F42DE0-3666-4EA7-932F-FD4CBEC4CA65} = {79931B01-93EF-4160-A014-1701AC6316E3}
		{27AE9327-535B-45BB-977C-2B498594999C} = {79931B01-93EF-4160-A014-1701AC6316E3}
		{C8B5F30B-4407-475B-84B4-DFAA942BF887} = {7DC33C8B-14A5-4DA2-BAF7-6AA28AE7FBB4}
		{4E6AE4AF-4740-442E-85F0-E52F97E44890} = {79931B01-93EF-4160-A014-1701AC6316E3}
		{7DFFFEE2-4D91-4712-B218-29BC0CF5310C} = {9DE2E1B5-47D4-4C9E-9024-753B56527B02}
		{6857EE15-A4A7-437B-A95C-D8997E6FFE70} = {9DE2E1B5-47D4-4C9E-9024-753B56527B02}
		{9DE2E1B5-47D4-4C9E-9024-753B56527B02} = {35C37CB3-D0BE-41E1-AC13-311882996FC0}
		{AD2F6FFF-EE57-467B-A853-C6FEC8889B4F} = {35C37CB3-D0BE-41E1-AC13-311882996FC0}
		{B0A1C987-4098-4BB9-BCA5-0BD82B349008} = {9DE2E1B5-47D4-4C9E-9024-753B56527B02}
		{748B7AF6-60BE-403E-B2E5-AE8E854E0ECA} = {35C37CB3-D0BE-41E1-AC13-311882996FC0}
		{7DC33C8B-14A5-4DA2-BAF7-6AA28AE7FBB4} = {79931B01-93EF-4160-A014-1701AC6316E3}
	EndGlobalSection
	GlobalSection(ExtensibilityGlobals) = postSolution
		SolutionGuid = {960C72E1-CAD4-4406-9C92-CC4C54ECA8D0}
	EndGlobalSection
EndGlobal
